
Microsoft Visual Studio Solution File, Format Version 12.00
# Visual Studio 2012
Project("{2150E333-8FDC-42A3-9474-1A3956D46DE8}") = "Client", "Client", "{8FEAB6A4-B1F0-47F1-B98E-D2542B532205}"
EndProject
Project("{2150E333-8FDC-42A3-9474-1A3956D46DE8}") = "Common", "Common", "{C3825A26-5BDD-4960-8440-34988D6FDF7E}"
EndProject
Project("{2150E333-8FDC-42A3-9474-1A3956D46DE8}") = "Server", "Server", "{A8ACC713-7FE7-49C4-BE25-9C1B9E94AD8E}"
EndProject
Project("{2150E333-8FDC-42A3-9474-1A3956D46DE8}") = "Solution Items", "Solution Items", "{8513F689-6113-49D2-A0D3-454F1BFCC2D5}"
	ProjectSection(SolutionItems) = preProject
		FoundOps.vsmdi = FoundOps.vsmdi
		Local.testsettings = Local.testsettings
		..\Build\runDeployBatch.bat = ..\Build\runDeployBatch.bat
		TraceAndTestImpact.testsettings = TraceAndTestImpact.testsettings
	EndProjectSection
EndProject
Project("{FAE04EC0-301F-11D3-BF4B-00C04F79EFBC}") = "FoundOps.Common", "Common\FoundOps.Common\FoundOps.Common.csproj", "{43D5B3DA-7DCD-454A-BA3D-667901D304CE}"
EndProject
Project("{FAE04EC0-301F-11D3-BF4B-00C04F79EFBC}") = "FoundOps.SLClient.Data", "Client\FoundOps.SLClient.Data\FoundOps.SLClient.Data.csproj", "{0F4FBB4B-0807-4903-8503-67A7021D82BF}"
	ProjectSection(ProjectDependencies) = postProject
		{D32C535E-2B13-4AC5-9D49-70C8EDC83933} = {D32C535E-2B13-4AC5-9D49-70C8EDC83933}
	EndProjectSection
EndProject
Project("{FAE04EC0-301F-11D3-BF4B-00C04F79EFBC}") = "FoundOps.SLClient.Navigator", "Client\FoundOps.SLClient.Navigator\FoundOps.SLClient.Navigator.csproj", "{FF7089B6-040E-4C6C-A386-BAB77C52CFCB}"
EndProject
Project("{FAE04EC0-301F-11D3-BF4B-00C04F79EFBC}") = "FoundOps.SLClient.UI", "Client\FoundOps.SLClient.UI\FoundOps.SLClient.UI.csproj", "{F3DE1685-C531-41A6-A9CB-896B502386E8}"
EndProject
Project("{FAE04EC0-301F-11D3-BF4B-00C04F79EFBC}") = "FoundOps.Common.NET", "Common\FoundOps.Common.NET\FoundOps.Common.NET.csproj", "{DEB95CF8-BB65-4E94-A65D-9758F0CDA5CB}"
EndProject
Project("{FAE04EC0-301F-11D3-BF4B-00C04F79EFBC}") = "FoundOps.Common.Silverlight", "Common\FoundOps.Common.Silverlight\FoundOps.Common.Silverlight.csproj", "{14ADDE30-D51B-4A1C-A855-D556431FDA0A}"
EndProject
Project("{FAE04EC0-301F-11D3-BF4B-00C04F79EFBC}") = "FoundOps.Common.Silverlight.UI", "Common\FoundOps.Common.Silverlight.UI\FoundOps.Common.Silverlight.UI.csproj", "{BB748726-9C39-4FDA-8B02-9CC12CD9D34D}"
EndProject
Project("{FAE04EC0-301F-11D3-BF4B-00C04F79EFBC}") = "FoundOps.Server.Tests", "Server\FoundOps.Server.Tests\FoundOps.Server.Tests.csproj", "{BC66E0CB-88CC-42C4-9906-3EA66DF739CE}"
EndProject
Project("{FAE04EC0-301F-11D3-BF4B-00C04F79EFBC}") = "FoundOps.Server", "Server\FoundOps.Server\FoundOps.Server.csproj", "{D32C535E-2B13-4AC5-9D49-70C8EDC83933}"
EndProject
Project("{FAE04EC0-301F-11D3-BF4B-00C04F79EFBC}") = "FoundOps.Core", "Server\FoundOps.Core\FoundOps.Core.csproj", "{C5170A8A-CAD2-47E2-8552-FEF87C771C03}"
EndProject
Project("{FAE04EC0-301F-11D3-BF4B-00C04F79EFBC}") = "FoundOps.SLClient.Algorithm", "FoundOps.SLClient.Algorithm\FoundOps.SLClient.Algorithm.csproj", "{E900BDCA-451F-4433-A98A-287BD326BD29}"
EndProject
Project("{FAE04EC0-301F-11D3-BF4B-00C04F79EFBC}") = "FoundOps.Api", "Server\FoundOPS.API\FoundOPS.API\FoundOps.Api.csproj", "{8BE952E2-F077-42D0-A4AD-704EEC696840}"
EndProject
Project("{2150E333-8FDC-42A3-9474-1A3956D46DE8}") = ".nuget", ".nuget", "{91D32AC0-4424-455E-8966-FC0F1B142645}"
	ProjectSection(SolutionItems) = preProject
		.nuget\packages.config = .nuget\packages.config
	EndProjectSection
EndProject
Project("{FAE04EC0-301F-11D3-BF4B-00C04F79EFBC}") = "FoundOps.Api.Tests", "Server\FoundOps.Api\FoundOps.Api.Tests\FoundOps.Api.Tests.csproj", "{41CC16C3-EDF7-4534-AD5C-0968F45309F7}"
EndProject
Global
	GlobalSection(TestCaseManagementSettings) = postSolution
		CategoryFile = FoundOps.vsmdi
	EndGlobalSection
	GlobalSection(SolutionConfigurationPlatforms) = preSolution
		Debug|Any CPU = Debug|Any CPU
		DebugNode|Any CPU = DebugNode|Any CPU
		Release|Any CPU = Release|Any CPU
		TestRelease|Any CPU = TestRelease|Any CPU
	EndGlobalSection
	GlobalSection(ProjectConfigurationPlatforms) = postSolution
		{43D5B3DA-7DCD-454A-BA3D-667901D304CE}.Debug|Any CPU.ActiveCfg = Debug|Any CPU
		{43D5B3DA-7DCD-454A-BA3D-667901D304CE}.Debug|Any CPU.Build.0 = Debug|Any CPU
		{43D5B3DA-7DCD-454A-BA3D-667901D304CE}.DebugNode|Any CPU.ActiveCfg = DebugNode|Any CPU
		{43D5B3DA-7DCD-454A-BA3D-667901D304CE}.DebugNode|Any CPU.Build.0 = DebugNode|Any CPU
		{43D5B3DA-7DCD-454A-BA3D-667901D304CE}.Release|Any CPU.ActiveCfg = Release|Any CPU
		{43D5B3DA-7DCD-454A-BA3D-667901D304CE}.Release|Any CPU.Build.0 = Release|Any CPU
		{43D5B3DA-7DCD-454A-BA3D-667901D304CE}.TestRelease|Any CPU.ActiveCfg = TestRelease|Any CPU
		{43D5B3DA-7DCD-454A-BA3D-667901D304CE}.TestRelease|Any CPU.Build.0 = TestRelease|Any CPU
		{0F4FBB4B-0807-4903-8503-67A7021D82BF}.Debug|Any CPU.ActiveCfg = Debug|Any CPU
		{0F4FBB4B-0807-4903-8503-67A7021D82BF}.Debug|Any CPU.Build.0 = Debug|Any CPU
		{0F4FBB4B-0807-4903-8503-67A7021D82BF}.DebugNode|Any CPU.ActiveCfg = DebugNode|Any CPU
		{0F4FBB4B-0807-4903-8503-67A7021D82BF}.DebugNode|Any CPU.Build.0 = DebugNode|Any CPU
		{0F4FBB4B-0807-4903-8503-67A7021D82BF}.Release|Any CPU.ActiveCfg = Release|Any CPU
		{0F4FBB4B-0807-4903-8503-67A7021D82BF}.Release|Any CPU.Build.0 = Release|Any CPU
		{0F4FBB4B-0807-4903-8503-67A7021D82BF}.TestRelease|Any CPU.ActiveCfg = TestRelease|Any CPU
		{0F4FBB4B-0807-4903-8503-67A7021D82BF}.TestRelease|Any CPU.Build.0 = TestRelease|Any CPU
		{FF7089B6-040E-4C6C-A386-BAB77C52CFCB}.Debug|Any CPU.ActiveCfg = Debug|Any CPU
		{FF7089B6-040E-4C6C-A386-BAB77C52CFCB}.Debug|Any CPU.Build.0 = Debug|Any CPU
		{FF7089B6-040E-4C6C-A386-BAB77C52CFCB}.DebugNode|Any CPU.ActiveCfg = DebugNode|Any CPU
		{FF7089B6-040E-4C6C-A386-BAB77C52CFCB}.DebugNode|Any CPU.Build.0 = DebugNode|Any CPU
		{FF7089B6-040E-4C6C-A386-BAB77C52CFCB}.Release|Any CPU.ActiveCfg = Release|Any CPU
		{FF7089B6-040E-4C6C-A386-BAB77C52CFCB}.Release|Any CPU.Build.0 = Release|Any CPU
		{FF7089B6-040E-4C6C-A386-BAB77C52CFCB}.TestRelease|Any CPU.ActiveCfg = TestRelease|Any CPU
		{FF7089B6-040E-4C6C-A386-BAB77C52CFCB}.TestRelease|Any CPU.Build.0 = TestRelease|Any CPU
		{F3DE1685-C531-41A6-A9CB-896B502386E8}.Debug|Any CPU.ActiveCfg = Debug|Any CPU
		{F3DE1685-C531-41A6-A9CB-896B502386E8}.Debug|Any CPU.Build.0 = Debug|Any CPU
		{F3DE1685-C531-41A6-A9CB-896B502386E8}.DebugNode|Any CPU.ActiveCfg = DebugNode|Any CPU
		{F3DE1685-C531-41A6-A9CB-896B502386E8}.DebugNode|Any CPU.Build.0 = DebugNode|Any CPU
		{F3DE1685-C531-41A6-A9CB-896B502386E8}.Release|Any CPU.ActiveCfg = Release|Any CPU
		{F3DE1685-C531-41A6-A9CB-896B502386E8}.Release|Any CPU.Build.0 = Release|Any CPU
		{F3DE1685-C531-41A6-A9CB-896B502386E8}.TestRelease|Any CPU.ActiveCfg = TestRelease|Any CPU
		{F3DE1685-C531-41A6-A9CB-896B502386E8}.TestRelease|Any CPU.Build.0 = TestRelease|Any CPU
		{DEB95CF8-BB65-4E94-A65D-9758F0CDA5CB}.Debug|Any CPU.ActiveCfg = Debug|Any CPU
		{DEB95CF8-BB65-4E94-A65D-9758F0CDA5CB}.Debug|Any CPU.Build.0 = Debug|Any CPU
		{DEB95CF8-BB65-4E94-A65D-9758F0CDA5CB}.DebugNode|Any CPU.ActiveCfg = DebugNode|Any CPU
		{DEB95CF8-BB65-4E94-A65D-9758F0CDA5CB}.DebugNode|Any CPU.Build.0 = DebugNode|Any CPU
		{DEB95CF8-BB65-4E94-A65D-9758F0CDA5CB}.Release|Any CPU.ActiveCfg = Release|Any CPU
		{DEB95CF8-BB65-4E94-A65D-9758F0CDA5CB}.Release|Any CPU.Build.0 = Release|Any CPU
		{DEB95CF8-BB65-4E94-A65D-9758F0CDA5CB}.TestRelease|Any CPU.ActiveCfg = TestRelease|Any CPU
		{DEB95CF8-BB65-4E94-A65D-9758F0CDA5CB}.TestRelease|Any CPU.Build.0 = TestRelease|Any CPU
		{14ADDE30-D51B-4A1C-A855-D556431FDA0A}.Debug|Any CPU.ActiveCfg = Debug|Any CPU
		{14ADDE30-D51B-4A1C-A855-D556431FDA0A}.Debug|Any CPU.Build.0 = Debug|Any CPU
		{14ADDE30-D51B-4A1C-A855-D556431FDA0A}.DebugNode|Any CPU.ActiveCfg = DebugNode|Any CPU
		{14ADDE30-D51B-4A1C-A855-D556431FDA0A}.DebugNode|Any CPU.Build.0 = DebugNode|Any CPU
		{14ADDE30-D51B-4A1C-A855-D556431FDA0A}.Release|Any CPU.ActiveCfg = Release|Any CPU
		{14ADDE30-D51B-4A1C-A855-D556431FDA0A}.Release|Any CPU.Build.0 = Release|Any CPU
		{14ADDE30-D51B-4A1C-A855-D556431FDA0A}.TestRelease|Any CPU.ActiveCfg = TestRelease|Any CPU
		{14ADDE30-D51B-4A1C-A855-D556431FDA0A}.TestRelease|Any CPU.Build.0 = TestRelease|Any CPU
		{BB748726-9C39-4FDA-8B02-9CC12CD9D34D}.Debug|Any CPU.ActiveCfg = Debug|Any CPU
		{BB748726-9C39-4FDA-8B02-9CC12CD9D34D}.Debug|Any CPU.Build.0 = Debug|Any CPU
		{BB748726-9C39-4FDA-8B02-9CC12CD9D34D}.DebugNode|Any CPU.ActiveCfg = DebugNode|Any CPU
		{BB748726-9C39-4FDA-8B02-9CC12CD9D34D}.DebugNode|Any CPU.Build.0 = DebugNode|Any CPU
		{BB748726-9C39-4FDA-8B02-9CC12CD9D34D}.Release|Any CPU.ActiveCfg = Release|Any CPU
		{BB748726-9C39-4FDA-8B02-9CC12CD9D34D}.Release|Any CPU.Build.0 = Release|Any CPU
		{BB748726-9C39-4FDA-8B02-9CC12CD9D34D}.TestRelease|Any CPU.ActiveCfg = TestRelease|Any CPU
		{BB748726-9C39-4FDA-8B02-9CC12CD9D34D}.TestRelease|Any CPU.Build.0 = TestRelease|Any CPU
		{BC66E0CB-88CC-42C4-9906-3EA66DF739CE}.Debug|Any CPU.ActiveCfg = Debug|Any CPU
		{BC66E0CB-88CC-42C4-9906-3EA66DF739CE}.Debug|Any CPU.Build.0 = Debug|Any CPU
		{BC66E0CB-88CC-42C4-9906-3EA66DF739CE}.DebugNode|Any CPU.ActiveCfg = DebugNode|Any CPU
		{BC66E0CB-88CC-42C4-9906-3EA66DF739CE}.DebugNode|Any CPU.Build.0 = DebugNode|Any CPU
		{BC66E0CB-88CC-42C4-9906-3EA66DF739CE}.Release|Any CPU.ActiveCfg = Release|Any CPU
		{BC66E0CB-88CC-42C4-9906-3EA66DF739CE}.Release|Any CPU.Build.0 = Release|Any CPU
		{BC66E0CB-88CC-42C4-9906-3EA66DF739CE}.TestRelease|Any CPU.ActiveCfg = TestRelease|Any CPU
		{BC66E0CB-88CC-42C4-9906-3EA66DF739CE}.TestRelease|Any CPU.Build.0 = TestRelease|Any CPU
		{D32C535E-2B13-4AC5-9D49-70C8EDC83933}.Debug|Any CPU.ActiveCfg = Debug|Any CPU
		{D32C535E-2B13-4AC5-9D49-70C8EDC83933}.Debug|Any CPU.Build.0 = Debug|Any CPU
		{D32C535E-2B13-4AC5-9D49-70C8EDC83933}.DebugNode|Any CPU.ActiveCfg = DebugNode|Any CPU
		{D32C535E-2B13-4AC5-9D49-70C8EDC83933}.DebugNode|Any CPU.Build.0 = DebugNode|Any CPU
		{D32C535E-2B13-4AC5-9D49-70C8EDC83933}.Release|Any CPU.ActiveCfg = Release|Any CPU
		{D32C535E-2B13-4AC5-9D49-70C8EDC83933}.Release|Any CPU.Build.0 = Release|Any CPU
		{D32C535E-2B13-4AC5-9D49-70C8EDC83933}.TestRelease|Any CPU.ActiveCfg = TestRelease|Any CPU
		{D32C535E-2B13-4AC5-9D49-70C8EDC83933}.TestRelease|Any CPU.Build.0 = TestRelease|Any CPU
		{C5170A8A-CAD2-47E2-8552-FEF87C771C03}.Debug|Any CPU.ActiveCfg = Debug|Any CPU
		{C5170A8A-CAD2-47E2-8552-FEF87C771C03}.Debug|Any CPU.Build.0 = Debug|Any CPU
		{C5170A8A-CAD2-47E2-8552-FEF87C771C03}.DebugNode|Any CPU.ActiveCfg = DebugNode|Any CPU
		{C5170A8A-CAD2-47E2-8552-FEF87C771C03}.DebugNode|Any CPU.Build.0 = DebugNode|Any CPU
		{C5170A8A-CAD2-47E2-8552-FEF87C771C03}.Release|Any CPU.ActiveCfg = Release|Any CPU
		{C5170A8A-CAD2-47E2-8552-FEF87C771C03}.Release|Any CPU.Build.0 = Release|Any CPU
		{C5170A8A-CAD2-47E2-8552-FEF87C771C03}.TestRelease|Any CPU.ActiveCfg = TestRelease|Any CPU
		{C5170A8A-CAD2-47E2-8552-FEF87C771C03}.TestRelease|Any CPU.Build.0 = TestRelease|Any CPU
		{E900BDCA-451F-4433-A98A-287BD326BD29}.Debug|Any CPU.ActiveCfg = Debug|Any CPU
		{E900BDCA-451F-4433-A98A-287BD326BD29}.Debug|Any CPU.Build.0 = Debug|Any CPU
		{E900BDCA-451F-4433-A98A-287BD326BD29}.DebugNode|Any CPU.ActiveCfg = DebugNode|Any CPU
		{E900BDCA-451F-4433-A98A-287BD326BD29}.DebugNode|Any CPU.Build.0 = DebugNode|Any CPU
		{E900BDCA-451F-4433-A98A-287BD326BD29}.Release|Any CPU.ActiveCfg = Release|Any CPU
		{E900BDCA-451F-4433-A98A-287BD326BD29}.Release|Any CPU.Build.0 = Release|Any CPU
		{E900BDCA-451F-4433-A98A-287BD326BD29}.TestRelease|Any CPU.ActiveCfg = Release|Any CPU
		{E900BDCA-451F-4433-A98A-287BD326BD29}.TestRelease|Any CPU.Build.0 = Release|Any CPU
		{8BE952E2-F077-42D0-A4AD-704EEC696840}.Debug|Any CPU.ActiveCfg = Debug|Any CPU
		{8BE952E2-F077-42D0-A4AD-704EEC696840}.Debug|Any CPU.Build.0 = Debug|Any CPU
		{8BE952E2-F077-42D0-A4AD-704EEC696840}.DebugNode|Any CPU.ActiveCfg = Debug|Any CPU
		{8BE952E2-F077-42D0-A4AD-704EEC696840}.DebugNode|Any CPU.Build.0 = Debug|Any CPU
		{8BE952E2-F077-42D0-A4AD-704EEC696840}.Release|Any CPU.ActiveCfg = Release|Any CPU
		{8BE952E2-F077-42D0-A4AD-704EEC696840}.Release|Any CPU.Build.0 = Release|Any CPU
		{8BE952E2-F077-42D0-A4AD-704EEC696840}.TestRelease|Any CPU.ActiveCfg = TestRelease|Any CPU
		{8BE952E2-F077-42D0-A4AD-704EEC696840}.TestRelease|Any CPU.Build.0 = TestRelease|Any CPU
		{41CC16C3-EDF7-4534-AD5C-0968F45309F7}.Debug|Any CPU.ActiveCfg = Debug|Any CPU
		{41CC16C3-EDF7-4534-AD5C-0968F45309F7}.Debug|Any CPU.Build.0 = Debug|Any CPU
		{41CC16C3-EDF7-4534-AD5C-0968F45309F7}.DebugNode|Any CPU.ActiveCfg = Debug|Any CPU
		{41CC16C3-EDF7-4534-AD5C-0968F45309F7}.DebugNode|Any CPU.Build.0 = Debug|Any CPU
		{41CC16C3-EDF7-4534-AD5C-0968F45309F7}.Release|Any CPU.ActiveCfg = Release|Any CPU
		{41CC16C3-EDF7-4534-AD5C-0968F45309F7}.Release|Any CPU.Build.0 = Release|Any CPU
		{41CC16C3-EDF7-4534-AD5C-0968F45309F7}.TestRelease|Any CPU.ActiveCfg = Release|Any CPU
		{41CC16C3-EDF7-4534-AD5C-0968F45309F7}.TestRelease|Any CPU.Build.0 = Release|Any CPU
	EndGlobalSection
	GlobalSection(SolutionProperties) = preSolution
		HideSolutionNode = FALSE
	EndGlobalSection
	GlobalSection(NestedProjects) = preSolution
		{0F4FBB4B-0807-4903-8503-67A7021D82BF} = {8FEAB6A4-B1F0-47F1-B98E-D2542B532205}
		{FF7089B6-040E-4C6C-A386-BAB77C52CFCB} = {8FEAB6A4-B1F0-47F1-B98E-D2542B532205}
		{F3DE1685-C531-41A6-A9CB-896B502386E8} = {8FEAB6A4-B1F0-47F1-B98E-D2542B532205}
		{E900BDCA-451F-4433-A98A-287BD326BD29} = {8FEAB6A4-B1F0-47F1-B98E-D2542B532205}
		{43D5B3DA-7DCD-454A-BA3D-667901D304CE} = {C3825A26-5BDD-4960-8440-34988D6FDF7E}
		{DEB95CF8-BB65-4E94-A65D-9758F0CDA5CB} = {C3825A26-5BDD-4960-8440-34988D6FDF7E}
		{14ADDE30-D51B-4A1C-A855-D556431FDA0A} = {C3825A26-5BDD-4960-8440-34988D6FDF7E}
		{BB748726-9C39-4FDA-8B02-9CC12CD9D34D} = {C3825A26-5BDD-4960-8440-34988D6FDF7E}
		{BC66E0CB-88CC-42C4-9906-3EA66DF739CE} = {A8ACC713-7FE7-49C4-BE25-9C1B9E94AD8E}
		{D32C535E-2B13-4AC5-9D49-70C8EDC83933} = {A8ACC713-7FE7-49C4-BE25-9C1B9E94AD8E}
		{C5170A8A-CAD2-47E2-8552-FEF87C771C03} = {A8ACC713-7FE7-49C4-BE25-9C1B9E94AD8E}
		{8BE952E2-F077-42D0-A4AD-704EEC696840} = {A8ACC713-7FE7-49C4-BE25-9C1B9E94AD8E}
		{41CC16C3-EDF7-4534-AD5C-0968F45309F7} = {A8ACC713-7FE7-49C4-BE25-9C1B9E94AD8E}
	EndGlobalSection
EndGlobal
